
Microsoft Visual Studio Solution File, Format Version 12.00
# Visual Studio Version 17
VisualStudioVersion = 17.8.34408.163
MinimumVisualStudioVersion = 10.0.40219.1
Project("{FAE04EC0-301F-11D3-BF4B-00C04F79EFBC}") = "OmsCli", "OmsCli\OmsCli.csproj", "{7B679F98-6515-4429-B6AC-EDDC5811416F}"
EndProject
Global
	GlobalSection(SolutionConfigurationPlatforms) = preSolution
		Debug|Any CPU = Debug|Any CPU
		Release|Any CPU = Release|Any CPU
	EndGlobalSection
	GlobalSection(ProjectConfigurationPlatforms) = postSolution
		{7B679F98-6515-4429-B6AC-EDDC5811416F}.Debug|Any CPU.ActiveCfg = Debug|Any CPU
		{7B679F98-6515-4429-B6AC-EDDC5811416F}.Debug|Any CPU.Build.0 = Debug|Any CPU
		{7B679F98-6515-4429-B6AC-EDDC5811416F}.Release|Any CPU.ActiveCfg = Release|Any CPU
		{7B679F98-6515-4429-B6AC-EDDC5811416F}.Release|Any CPU.Build.0 = Release|Any CPU
	EndGlobalSection
	GlobalSection(SolutionProperties) = preSolution
		HideSolutionNode = FALSE
	EndGlobalSection
	GlobalSection(ExtensibilityGlobals) = postSolution
		SolutionGuid = {50D39080-D9F8-496E-ADE6-2ED9D61D7E8F}
	EndGlobalSection
EndGlobal
